
Microsoft Visual Studio Solution File, Format Version 12.00
# Visual Studio Version 17
VisualStudioVersion = 17.8.34601.278
MinimumVisualStudioVersion = 10.0.40219.1
Project("{FAE04EC0-301F-11D3-BF4B-00C04F79EFBC}") = "TunaPianoBE", "TunaPianoBE.csproj", "{9D55BE0C-1AFD-4EFF-B446-8FEC697091A1}"
EndProject
Global
	GlobalSection(SolutionConfigurationPlatforms) = preSolution
		Debug|Any CPU = Debug|Any CPU
		Release|Any CPU = Release|Any CPU
	EndGlobalSection
	GlobalSection(ProjectConfigurationPlatforms) = postSolution
		{9D55BE0C-1AFD-4EFF-B446-8FEC697091A1}.Debug|Any CPU.ActiveCfg = Debug|Any CPU
		{9D55BE0C-1AFD-4EFF-B446-8FEC697091A1}.Debug|Any CPU.Build.0 = Debug|Any CPU
		{9D55BE0C-1AFD-4EFF-B446-8FEC697091A1}.Release|Any CPU.ActiveCfg = Release|Any CPU
		{9D55BE0C-1AFD-4EFF-B446-8FEC697091A1}.Release|Any CPU.Build.0 = Release|Any CPU
	EndGlobalSection
	GlobalSection(SolutionProperties) = preSolution
		HideSolutionNode = FALSE
	EndGlobalSection
	GlobalSection(ExtensibilityGlobals) = postSolution
		SolutionGuid = {9AE1851E-0665-42D0-855C-9B76398AEC4B}
	EndGlobalSection
EndGlobal
